
Microsoft Visual Studio Solution File, Format Version 12.00
# Visual Studio 15
Project("{FAE04EC0-301F-11D3-BF4B-00C04F79EFBC}") = "Assembly-CSharp", "Assembly-CSharp.csproj", "{8CB458D9-C685-4697-5497-0FBE8A9DC11A}"
EndProject
Project("{FAE04EC0-301F-11D3-BF4B-00C04F79EFBC}") = "Assembly-CSharp-firstpass", "Assembly-CSharp-firstpass.csproj", "{77F4A2E5-DE35-BB56-3D04-53E33282577B}"
EndProject
Project("{FAE04EC0-301F-11D3-BF4B-00C04F79EFBC}") = "Assembly-CSharp-Editor", "Assembly-CSharp-Editor.csproj", "{478C9278-D13E-B306-1A1E-5E8AE0E738CB}"
EndProject
Global
	GlobalSection(SolutionConfigurationPlatforms) = preSolution
		Debug|Any CPU = Debug|Any CPU
		Release|Any CPU = Release|Any CPU
	EndGlobalSection
	GlobalSection(ProjectConfigurationPlatforms) = postSolution
		{8CB458D9-C685-4697-5497-0FBE8A9DC11A}.Debug|Any CPU.ActiveCfg = Debug|Any CPU
		{8CB458D9-C685-4697-5497-0FBE8A9DC11A}.Debug|Any CPU.Build.0 = Debug|Any CPU
		{8CB458D9-C685-4697-5497-0FBE8A9DC11A}.Release|Any CPU.ActiveCfg = Release|Any CPU
		{8CB458D9-C685-4697-5497-0FBE8A9DC11A}.Release|Any CPU.Build.0 = Release|Any CPU
		{77F4A2E5-DE35-BB56-3D04-53E33282577B}.Debug|Any CPU.ActiveCfg = Debug|Any CPU
		{77F4A2E5-DE35-BB56-3D04-53E33282577B}.Debug|Any CPU.Build.0 = Debug|Any CPU
		{77F4A2E5-DE35-BB56-3D04-53E33282577B}.Release|Any CPU.ActiveCfg = Release|Any CPU
		{77F4A2E5-DE35-BB56-3D04-53E33282577B}.Release|Any CPU.Build.0 = Release|Any CPU
		{478C9278-D13E-B306-1A1E-5E8AE0E738CB}.Debug|Any CPU.ActiveCfg = Debug|Any CPU
		{478C9278-D13E-B306-1A1E-5E8AE0E738CB}.Debug|Any CPU.Build.0 = Debug|Any CPU
		{478C9278-D13E-B306-1A1E-5E8AE0E738CB}.Release|Any CPU.ActiveCfg = Release|Any CPU
		{478C9278-D13E-B306-1A1E-5E8AE0E738CB}.Release|Any CPU.Build.0 = Release|Any CPU
	EndGlobalSection
	GlobalSection(SolutionProperties) = preSolution
		HideSolutionNode = FALSE
	EndGlobalSection
EndGlobal
